
Microsoft Visual Studio Solution File, Format Version 12.00
# Visual Studio Version 16
VisualStudioVersion = 16.0.31025.194
MinimumVisualStudioVersion = 10.0.40219.1
Project("{FAE04EC0-301F-11D3-BF4B-00C04F79EFBC}") = "FirebaseEditor", "FirebaseEditor.csproj", "{BFAF7F5D-27A3-4F1D-BCEC-944FC21520FC}"
EndProject
Global
	GlobalSection(SolutionConfigurationPlatforms) = preSolution
		Debug|Any CPU = Debug|Any CPU
		Release|Any CPU = Release|Any CPU
	EndGlobalSection
	GlobalSection(ProjectConfigurationPlatforms) = postSolution
		{BFAF7F5D-27A3-4F1D-BCEC-944FC21520FC}.Debug|Any CPU.ActiveCfg = Debug|Any CPU
		{BFAF7F5D-27A3-4F1D-BCEC-944FC21520FC}.Debug|Any CPU.Build.0 = Debug|Any CPU
		{BFAF7F5D-27A3-4F1D-BCEC-944FC21520FC}.Release|Any CPU.ActiveCfg = Release|Any CPU
		{BFAF7F5D-27A3-4F1D-BCEC-944FC21520FC}.Release|Any CPU.Build.0 = Release|Any CPU
	EndGlobalSection
	GlobalSection(SolutionProperties) = preSolution
		HideSolutionNode = FALSE
	EndGlobalSection
	GlobalSection(ExtensibilityGlobals) = postSolution
		SolutionGuid = {495C36C8-7882-42B8-AA99-2259AC583959}
	EndGlobalSection
EndGlobal
